{
  "name": "day7",
  "version": "1.0.0",
  "lockfileVersion": 3,
  "requires": true,
  "packages": {
    "": {
      "name": "day7",
      "version": "1.0.0",
      "license": "ISC",
      "dependencies": {
        "day7-mahmoud-utils": "^1.0.0"
      }
    },
    "node_modules/day7-mahmoud-utils": {
      "version": "1.0.0",
      "resolved": "https://registry.npmjs.org/day7-mahmoud-utils/-/day7-mahmoud-utils-1.0.0.tgz",
      "integrity": "sha512-XWd7HXATi5oSB2iQlyCjjnFpPHgK2ujrcfbrVMnmoaHC4pehrpP0QLdxk6UlVj2JDnasi01zppRcaL2+sO7ATw==",
      "license": "ISC"
    }
  }
}
